// !$*UTF8*$!
{
	archiveVersion = 1;
	classes = {
	};
	objectVersion = 46;
	objects = {

/* Begin PBXBuildFile section */
		3F62518C1951463C00D24EE8 /* default_profile.jpg in Resources */ = {isa = PBXBuildFile; fileRef = 3F62518A1951463C00D24EE8 /* default_profile.jpg */; };
		3F62518D1951463C00D24EE8 /* default_profile@2x.jpg in Resources */ = {isa = PBXBuildFile; fileRef = 3F62518B1951463C00D24EE8 /* default_profile@2x.jpg */; };
		3F6251901951546B00D24EE8 /* jeremyDorm.gpx in Resources */ = {isa = PBXBuildFile; fileRef = 3F62518F1951546B00D24EE8 /* jeremyDorm.gpx */; };
		3F9B6DCD194E39DC00B2C3E0 /* AnimatedTransitioning.m in Sources */ = {isa = PBXBuildFile; fileRef = 3F9B6DCA194E39DC00B2C3E0 /* AnimatedTransitioning.m */; };
		3F9B6DCE194E39DC00B2C3E0 /* TransitionDelegate.m in Sources */ = {isa = PBXBuildFile; fileRef = 3F9B6DCC194E39DC00B2C3E0 /* TransitionDelegate.m */; };
		3F9B6DD2194E3D4500B2C3E0 /* burnt_orange.jpeg in Resources */ = {isa = PBXBuildFile; fileRef = 3F9B6DD1194E3D4500B2C3E0 /* burnt_orange.jpeg */; };
		3F9B6DD9194E413B00B2C3E0 /* logo.png in Resources */ = {isa = PBXBuildFile; fileRef = 3F9B6DD7194E413B00B2C3E0 /* logo.png */; };
		3F9B6DDA194E413B00B2C3E0 /* logo@2x.png in Resources */ = {isa = PBXBuildFile; fileRef = 3F9B6DD8194E413B00B2C3E0 /* logo@2x.png */; };
		3F9B6DDD194E415600B2C3E0 /* GPLettering.png in Resources */ = {isa = PBXBuildFile; fileRef = 3F9B6DDB194E415600B2C3E0 /* GPLettering.png */; };
		3F9B6DDE194E415600B2C3E0 /* GPLettering@2x.png in Resources */ = {isa = PBXBuildFile; fileRef = 3F9B6DDC194E415600B2C3E0 /* GPLettering@2x.png */; };
		3F9B6DE1194E42DE00B2C3E0 /* app_icon.png in Resources */ = {isa = PBXBuildFile; fileRef = 3F9B6DDF194E42DE00B2C3E0 /* app_icon.png */; };
		3F9B6DE2194E42DE00B2C3E0 /* app_icon@2x.png in Resources */ = {isa = PBXBuildFile; fileRef = 3F9B6DE0194E42DE00B2C3E0 /* app_icon@2x.png */; };
		3FE178D719527F3A007AE6F6 /* UzysSlideMenu.m in Sources */ = {isa = PBXBuildFile; fileRef = 3FE178D119527F3A007AE6F6 /* UzysSlideMenu.m */; };
		3FE178D819527F3A007AE6F6 /* UzysSMMenuItem.m in Sources */ = {isa = PBXBuildFile; fileRef = 3FE178D319527F3A007AE6F6 /* UzysSMMenuItem.m */; };
		3FE178D919527F3A007AE6F6 /* UzysSMMenuItemView.m in Sources */ = {isa = PBXBuildFile; fileRef = 3FE178D519527F3A007AE6F6 /* UzysSMMenuItemView.m */; };
		3FE178DA19527F3A007AE6F6 /* UzysSMMenuItemView.xib in Resources */ = {isa = PBXBuildFile; fileRef = 3FE178D619527F3A007AE6F6 /* UzysSMMenuItemView.xib */; };
		3FE178EB19529BEF007AE6F6 /* gear@2x.png in Resources */ = {isa = PBXBuildFile; fileRef = 3FE178E819529BEF007AE6F6 /* gear@2x.png */; };
		3FE178EC19529BEF007AE6F6 /* plus@2x.png in Resources */ = {isa = PBXBuildFile; fileRef = 3FE178E919529BEF007AE6F6 /* plus@2x.png */; };
		3FE178ED19529BEF007AE6F6 /* question-mark@2x.png in Resources */ = {isa = PBXBuildFile; fileRef = 3FE178EA19529BEF007AE6F6 /* question-mark@2x.png */; };
		3FE178FB19529FCA007AE6F6 /* RECommonFunctions.m in Sources */ = {isa = PBXBuildFile; fileRef = 3FE178F019529FCA007AE6F6 /* RECommonFunctions.m */; };
		3FE178FC19529FCA007AE6F6 /* REFrostedContainerViewController.m in Sources */ = {isa = PBXBuildFile; fileRef = 3FE178F219529FCA007AE6F6 /* REFrostedContainerViewController.m */; };
		3FE178FD19529FCA007AE6F6 /* REFrostedViewController.m in Sources */ = {isa = PBXBuildFile; fileRef = 3FE178F419529FCA007AE6F6 /* REFrostedViewController.m */; };
		3FE178FE19529FCA007AE6F6 /* UIImage+REFrostedViewController.m in Sources */ = {isa = PBXBuildFile; fileRef = 3FE178F619529FCA007AE6F6 /* UIImage+REFrostedViewController.m */; };
		3FE178FF19529FCA007AE6F6 /* UIView+REFrostedViewController.m in Sources */ = {isa = PBXBuildFile; fileRef = 3FE178F819529FCA007AE6F6 /* UIView+REFrostedViewController.m */; };
		3FE1790019529FCA007AE6F6 /* UIViewController+REFrostedViewController.m in Sources */ = {isa = PBXBuildFile; fileRef = 3FE178FA19529FCA007AE6F6 /* UIViewController+REFrostedViewController.m */; };
		3FE179041952A0F0007AE6F6 /* GPUserMenuViewController.m in Sources */ = {isa = PBXBuildFile; fileRef = 3FE179031952A0F0007AE6F6 /* GPUserMenuViewController.m */; };
		3FE179071952A380007AE6F6 /* GPNavigationController.m in Sources */ = {isa = PBXBuildFile; fileRef = 3FE179061952A380007AE6F6 /* GPNavigationController.m */; };
		3FE1790A1952AB5E007AE6F6 /* GPRootViewController.m in Sources */ = {isa = PBXBuildFile; fileRef = 3FE179091952AB5E007AE6F6 /* GPRootViewController.m */; };
		3FF48341194D7CAC00C05DF5 /* Parse.framework in Frameworks */ = {isa = PBXBuildFile; fileRef = 3FF48340194D7CAC00C05DF5 /* Parse.framework */; };
		3FF48343194D7CE200C05DF5 /* FacebookSDK.framework in Frameworks */ = {isa = PBXBuildFile; fileRef = 3FF48342194D7CE200C05DF5 /* FacebookSDK.framework */; };
		AEA77799195F954400EF19E9 /* filterFunnel@2x.png in Resources */ = {isa = PBXBuildFile; fileRef = AEA77795195F954400EF19E9 /* filterFunnel@2x.png */; };
		AEA7779A195F954400EF19E9 /* hamburgerMenu@2x.png in Resources */ = {isa = PBXBuildFile; fileRef = AEA77796195F954400EF19E9 /* hamburgerMenu@2x.png */; };
		AEA7779B195F954400EF19E9 /* refreshLoop@2x.png in Resources */ = {isa = PBXBuildFile; fileRef = AEA77797195F954400EF19E9 /* refreshLoop@2x.png */; };
		AEA7779C195F954400EF19E9 /* userLocation@2x.png in Resources */ = {isa = PBXBuildFile; fileRef = AEA77798195F954400EF19E9 /* userLocation@2x.png */; };
		C90E810E18B94468004BF989 /* Foundation.framework in Frameworks */ = {isa = PBXBuildFile; fileRef = C90E810D18B94468004BF989 /* Foundation.framework */; };
		C90E811018B94468004BF989 /* CoreGraphics.framework in Frameworks */ = {isa = PBXBuildFile; fileRef = C90E810F18B94468004BF989 /* CoreGraphics.framework */; };
		C90E811218B94468004BF989 /* UIKit.framework in Frameworks */ = {isa = PBXBuildFile; fileRef = C90E811118B94468004BF989 /* UIKit.framework */; };
		C90E811818B94468004BF989 /* InfoPlist.strings in Resources */ = {isa = PBXBuildFile; fileRef = C90E811618B94468004BF989 /* InfoPlist.strings */; };
		C90E811A18B94468004BF989 /* main.m in Sources */ = {isa = PBXBuildFile; fileRef = C90E811918B94468004BF989 /* main.m */; };
		C90E812118B94468004BF989 /* Main.storyboard in Resources */ = {isa = PBXBuildFile; fileRef = C90E811F18B94468004BF989 /* Main.storyboard */; };
		C90E812618B94468004BF989 /* Images.xcassets in Resources */ = {isa = PBXBuildFile; fileRef = C90E812518B94468004BF989 /* Images.xcassets */; };
		C90E812D18B94468004BF989 /* XCTest.framework in Frameworks */ = {isa = PBXBuildFile; fileRef = C90E812C18B94468004BF989 /* XCTest.framework */; };
		C90E812E18B94468004BF989 /* Foundation.framework in Frameworks */ = {isa = PBXBuildFile; fileRef = C90E810D18B94468004BF989 /* Foundation.framework */; };
		C90E812F18B94468004BF989 /* UIKit.framework in Frameworks */ = {isa = PBXBuildFile; fileRef = C90E811118B94468004BF989 /* UIKit.framework */; };
		C90E813718B94468004BF989 /* InfoPlist.strings in Resources */ = {isa = PBXBuildFile; fileRef = C90E813518B94468004BF989 /* InfoPlist.strings */; };
		C90E813918B94468004BF989 /* GamePlanTests.m in Sources */ = {isa = PBXBuildFile; fileRef = C90E813818B94468004BF989 /* GamePlanTests.m */; };
		C90E814A18B944D4004BF989 /* GPFacebookLoginViewController.m in Sources */ = {isa = PBXBuildFile; fileRef = C90E814318B944D4004BF989 /* GPFacebookLoginViewController.m */; };
		C90E814B18B944D4004BF989 /* GPMapViewController.m in Sources */ = {isa = PBXBuildFile; fileRef = C90E814518B944D4004BF989 /* GPMapViewController.m */; };
		C90E815E18B944E2004BF989 /* FB_Button_Down.png in Resources */ = {isa = PBXBuildFile; fileRef = C90E815018B944E2004BF989 /* FB_Button_Down.png */; };
		C90E815F18B944E2004BF989 /* FB_Button_Down@2x.png in Resources */ = {isa = PBXBuildFile; fileRef = C90E815118B944E2004BF989 /* FB_Button_Down@2x.png */; };
		C90E816018B944E2004BF989 /* FB_Button_Up.png in Resources */ = {isa = PBXBuildFile; fileRef = C90E815218B944E2004BF989 /* FB_Button_Up.png */; };
		C90E816118B944E2004BF989 /* FB_Button_Up@2x.png in Resources */ = {isa = PBXBuildFile; fileRef = C90E815318B944E2004BF989 /* FB_Button_Up@2x.png */; };
		C90E816D18B94503004BF989 /* GPAppDelegate.m in Sources */ = {isa = PBXBuildFile; fileRef = C90E816C18B94503004BF989 /* GPAppDelegate.m */; };
		C90E816F18B94579004BF989 /* MapKit.framework in Frameworks */ = {isa = PBXBuildFile; fileRef = C90E816E18B94579004BF989 /* MapKit.framework */; };
		C90E817318B9564B004BF989 /* AudioToolbox.framework in Frameworks */ = {isa = PBXBuildFile; fileRef = C90E817218B9564B004BF989 /* AudioToolbox.framework */; };
		C90E817518B9565E004BF989 /* CFNetwork.framework in Frameworks */ = {isa = PBXBuildFile; fileRef = C90E817418B9565E004BF989 /* CFNetwork.framework */; };
		C90E817718B95674004BF989 /* CoreLocation.framework in Frameworks */ = {isa = PBXBuildFile; fileRef = C90E817618B95674004BF989 /* CoreLocation.framework */; };
		C90E817918B9569C004BF989 /* libz.dylib in Frameworks */ = {isa = PBXBuildFile; fileRef = C90E817818B9569C004BF989 /* libz.dylib */; };
		C90E817B18B956A9004BF989 /* MobileCoreServices.framework in Frameworks */ = {isa = PBXBuildFile; fileRef = C90E817A18B956A9004BF989 /* MobileCoreServices.framework */; };
		C90E817D18B956BA004BF989 /* Security.framework in Frameworks */ = {isa = PBXBuildFile; fileRef = C90E817C18B956BA004BF989 /* Security.framework */; };
		C90E817F18B956C4004BF989 /* StoreKit.framework in Frameworks */ = {isa = PBXBuildFile; fileRef = C90E817E18B956C4004BF989 /* StoreKit.framework */; };
		C90E818118B956D2004BF989 /* SystemConfiguration.framework in Frameworks */ = {isa = PBXBuildFile; fileRef = C90E818018B956D1004BF989 /* SystemConfiguration.framework */; };
		C920A1401985E95C009EDF82 /* EditEventVC.m in Sources */ = {isa = PBXBuildFile; fileRef = C920A13E1985E95C009EDF82 /* EditEventVC.m */; };
		C920A1411985E95C009EDF82 /* EditEventVC.xib in Resources */ = {isa = PBXBuildFile; fileRef = C920A13F1985E95C009EDF82 /* EditEventVC.xib */; };
		C962E404194FFC06005A4895 /* Event.m in Sources */ = {isa = PBXBuildFile; fileRef = C962E403194FFC06005A4895 /* Event.m */; };
		C962E407194FFD28005A4895 /* Tailgate.m in Sources */ = {isa = PBXBuildFile; fileRef = C962E406194FFD28005A4895 /* Tailgate.m */; };
		C962E40A194FFE65005A4895 /* WatchParty.m in Sources */ = {isa = PBXBuildFile; fileRef = C962E409194FFE65005A4895 /* WatchParty.m */; };
		C962E40D194FFE7B005A4895 /* AfterParty.m in Sources */ = {isa = PBXBuildFile; fileRef = C962E40C194FFE7B005A4895 /* AfterParty.m */; };
		C9C6DF69195A692F00EF3E9C /* Restaurant.m in Sources */ = {isa = PBXBuildFile; fileRef = C9C6DF68195A692F00EF3E9C /* Restaurant.m */; };
/* End PBXBuildFile section */

/* Begin PBXContainerItemProxy section */
		C90E813018B94468004BF989 /* PBXContainerItemProxy */ = {
			isa = PBXContainerItemProxy;
			containerPortal = C90E810218B94468004BF989 /* Project object */;
			proxyType = 1;
			remoteGlobalIDString = C90E810918B94468004BF989;
			remoteInfo = GamePlan;
		};
/* End PBXContainerItemProxy section */

/* Begin PBXFileReference section */
		3F62518A1951463C00D24EE8 /* default_profile.jpg */ = {isa = PBXFileReference; lastKnownFileType = image.jpeg; path = default_profile.jpg; sourceTree = "<group>"; };
		3F62518B1951463C00D24EE8 /* default_profile@2x.jpg */ = {isa = PBXFileReference; lastKnownFileType = image.jpeg; path = "default_profile@2x.jpg"; sourceTree = "<group>"; };
		3F62518F1951546B00D24EE8 /* jeremyDorm.gpx */ = {isa = PBXFileReference; fileEncoding = 4; lastKnownFileType = text.xml; name = jeremyDorm.gpx; path = GamePlan/jeremyDorm.gpx; sourceTree = "<group>"; };
		3F9B6DC9194E39DC00B2C3E0 /* AnimatedTransitioning.h */ = {isa = PBXFileReference; fileEncoding = 4; lastKnownFileType = sourcecode.c.h; path = AnimatedTransitioning.h; sourceTree = "<group>"; };
		3F9B6DCA194E39DC00B2C3E0 /* AnimatedTransitioning.m */ = {isa = PBXFileReference; fileEncoding = 4; lastKnownFileType = sourcecode.c.objc; path = AnimatedTransitioning.m; sourceTree = "<group>"; };
		3F9B6DCB194E39DC00B2C3E0 /* TransitionDelegate.h */ = {isa = PBXFileReference; fileEncoding = 4; lastKnownFileType = sourcecode.c.h; path = TransitionDelegate.h; sourceTree = "<group>"; };
		3F9B6DCC194E39DC00B2C3E0 /* TransitionDelegate.m */ = {isa = PBXFileReference; fileEncoding = 4; lastKnownFileType = sourcecode.c.objc; path = TransitionDelegate.m; sourceTree = "<group>"; };
		3F9B6DD1194E3D4500B2C3E0 /* burnt_orange.jpeg */ = {isa = PBXFileReference; lastKnownFileType = image.jpeg; path = burnt_orange.jpeg; sourceTree = "<group>"; };
		3F9B6DD7194E413B00B2C3E0 /* logo.png */ = {isa = PBXFileReference; lastKnownFileType = image.png; path = logo.png; sourceTree = "<group>"; };
		3F9B6DD8194E413B00B2C3E0 /* logo@2x.png */ = {isa = PBXFileReference; lastKnownFileType = image.png; path = "logo@2x.png"; sourceTree = "<group>"; };
		3F9B6DDB194E415600B2C3E0 /* GPLettering.png */ = {isa = PBXFileReference; lastKnownFileType = image.png; path = GPLettering.png; sourceTree = "<group>"; };
		3F9B6DDC194E415600B2C3E0 /* GPLettering@2x.png */ = {isa = PBXFileReference; lastKnownFileType = image.png; path = "GPLettering@2x.png"; sourceTree = "<group>"; };
		3F9B6DDF194E42DE00B2C3E0 /* app_icon.png */ = {isa = PBXFileReference; lastKnownFileType = image.png; path = app_icon.png; sourceTree = "<group>"; };
		3F9B6DE0194E42DE00B2C3E0 /* app_icon@2x.png */ = {isa = PBXFileReference; lastKnownFileType = image.png; path = "app_icon@2x.png"; sourceTree = "<group>"; };
		3FE178CF19527F3A007AE6F6 /* ARCHelper.h */ = {isa = PBXFileReference; fileEncoding = 4; lastKnownFileType = sourcecode.c.h; path = ARCHelper.h; sourceTree = "<group>"; };
		3FE178D019527F3A007AE6F6 /* UzysSlideMenu.h */ = {isa = PBXFileReference; fileEncoding = 4; lastKnownFileType = sourcecode.c.h; path = UzysSlideMenu.h; sourceTree = "<group>"; };
		3FE178D119527F3A007AE6F6 /* UzysSlideMenu.m */ = {isa = PBXFileReference; fileEncoding = 4; lastKnownFileType = sourcecode.c.objc; path = UzysSlideMenu.m; sourceTree = "<group>"; };
		3FE178D219527F3A007AE6F6 /* UzysSMMenuItem.h */ = {isa = PBXFileReference; fileEncoding = 4; lastKnownFileType = sourcecode.c.h; path = UzysSMMenuItem.h; sourceTree = "<group>"; };
		3FE178D319527F3A007AE6F6 /* UzysSMMenuItem.m */ = {isa = PBXFileReference; fileEncoding = 4; lastKnownFileType = sourcecode.c.objc; path = UzysSMMenuItem.m; sourceTree = "<group>"; };
		3FE178D419527F3A007AE6F6 /* UzysSMMenuItemView.h */ = {isa = PBXFileReference; fileEncoding = 4; lastKnownFileType = sourcecode.c.h; path = UzysSMMenuItemView.h; sourceTree = "<group>"; };
		3FE178D519527F3A007AE6F6 /* UzysSMMenuItemView.m */ = {isa = PBXFileReference; fileEncoding = 4; lastKnownFileType = sourcecode.c.objc; path = UzysSMMenuItemView.m; sourceTree = "<group>"; };
		3FE178D619527F3A007AE6F6 /* UzysSMMenuItemView.xib */ = {isa = PBXFileReference; fileEncoding = 4; lastKnownFileType = file.xib; path = UzysSMMenuItemView.xib; sourceTree = "<group>"; };
		3FE178E819529BEF007AE6F6 /* gear@2x.png */ = {isa = PBXFileReference; lastKnownFileType = image.png; path = "gear@2x.png"; sourceTree = "<group>"; };
		3FE178E919529BEF007AE6F6 /* plus@2x.png */ = {isa = PBXFileReference; lastKnownFileType = image.png; path = "plus@2x.png"; sourceTree = "<group>"; };
		3FE178EA19529BEF007AE6F6 /* question-mark@2x.png */ = {isa = PBXFileReference; lastKnownFileType = image.png; path = "question-mark@2x.png"; sourceTree = "<group>"; };
		3FE178EF19529FCA007AE6F6 /* RECommonFunctions.h */ = {isa = PBXFileReference; fileEncoding = 4; lastKnownFileType = sourcecode.c.h; path = RECommonFunctions.h; sourceTree = "<group>"; };
		3FE178F019529FCA007AE6F6 /* RECommonFunctions.m */ = {isa = PBXFileReference; fileEncoding = 4; lastKnownFileType = sourcecode.c.objc; path = RECommonFunctions.m; sourceTree = "<group>"; };
		3FE178F119529FCA007AE6F6 /* REFrostedContainerViewController.h */ = {isa = PBXFileReference; fileEncoding = 4; lastKnownFileType = sourcecode.c.h; path = REFrostedContainerViewController.h; sourceTree = "<group>"; };
		3FE178F219529FCA007AE6F6 /* REFrostedContainerViewController.m */ = {isa = PBXFileReference; fileEncoding = 4; lastKnownFileType = sourcecode.c.objc; path = REFrostedContainerViewController.m; sourceTree = "<group>"; };
		3FE178F319529FCA007AE6F6 /* REFrostedViewController.h */ = {isa = PBXFileReference; fileEncoding = 4; lastKnownFileType = sourcecode.c.h; path = REFrostedViewController.h; sourceTree = "<group>"; };
		3FE178F419529FCA007AE6F6 /* REFrostedViewController.m */ = {isa = PBXFileReference; fileEncoding = 4; lastKnownFileType = sourcecode.c.objc; path = REFrostedViewController.m; sourceTree = "<group>"; };
		3FE178F519529FCA007AE6F6 /* UIImage+REFrostedViewController.h */ = {isa = PBXFileReference; fileEncoding = 4; lastKnownFileType = sourcecode.c.h; path = "UIImage+REFrostedViewController.h"; sourceTree = "<group>"; };
		3FE178F619529FCA007AE6F6 /* UIImage+REFrostedViewController.m */ = {isa = PBXFileReference; fileEncoding = 4; lastKnownFileType = sourcecode.c.objc; path = "UIImage+REFrostedViewController.m"; sourceTree = "<group>"; };
		3FE178F719529FCA007AE6F6 /* UIView+REFrostedViewController.h */ = {isa = PBXFileReference; fileEncoding = 4; lastKnownFileType = sourcecode.c.h; path = "UIView+REFrostedViewController.h"; sourceTree = "<group>"; };
		3FE178F819529FCA007AE6F6 /* UIView+REFrostedViewController.m */ = {isa = PBXFileReference; fileEncoding = 4; lastKnownFileType = sourcecode.c.objc; path = "UIView+REFrostedViewController.m"; sourceTree = "<group>"; };
		3FE178F919529FCA007AE6F6 /* UIViewController+REFrostedViewController.h */ = {isa = PBXFileReference; fileEncoding = 4; lastKnownFileType = sourcecode.c.h; path = "UIViewController+REFrostedViewController.h"; sourceTree = "<group>"; };
		3FE178FA19529FCA007AE6F6 /* UIViewController+REFrostedViewController.m */ = {isa = PBXFileReference; fileEncoding = 4; lastKnownFileType = sourcecode.c.objc; path = "UIViewController+REFrostedViewController.m"; sourceTree = "<group>"; };
		3FE179021952A0F0007AE6F6 /* GPUserMenuViewController.h */ = {isa = PBXFileReference; fileEncoding = 4; lastKnownFileType = sourcecode.c.h; path = GPUserMenuViewController.h; sourceTree = "<group>"; };
		3FE179031952A0F0007AE6F6 /* GPUserMenuViewController.m */ = {isa = PBXFileReference; fileEncoding = 4; lastKnownFileType = sourcecode.c.objc; path = GPUserMenuViewController.m; sourceTree = "<group>"; };
		3FE179051952A380007AE6F6 /* GPNavigationController.h */ = {isa = PBXFileReference; fileEncoding = 4; lastKnownFileType = sourcecode.c.h; path = GPNavigationController.h; sourceTree = "<group>"; };
		3FE179061952A380007AE6F6 /* GPNavigationController.m */ = {isa = PBXFileReference; fileEncoding = 4; lastKnownFileType = sourcecode.c.objc; path = GPNavigationController.m; sourceTree = "<group>"; };
		3FE179081952AB5E007AE6F6 /* GPRootViewController.h */ = {isa = PBXFileReference; fileEncoding = 4; lastKnownFileType = sourcecode.c.h; path = GPRootViewController.h; sourceTree = "<group>"; };
		3FE179091952AB5E007AE6F6 /* GPRootViewController.m */ = {isa = PBXFileReference; fileEncoding = 4; lastKnownFileType = sourcecode.c.objc; path = GPRootViewController.m; sourceTree = "<group>"; };
		3FF48340194D7CAC00C05DF5 /* Parse.framework */ = {isa = PBXFileReference; lastKnownFileType = wrapper.framework; name = Parse.framework; path = GamePlan/Parse.framework; sourceTree = "<group>"; };
		3FF48342194D7CE200C05DF5 /* FacebookSDK.framework */ = {isa = PBXFileReference; lastKnownFileType = wrapper.framework; name = FacebookSDK.framework; path = GamePlan/FacebookSDK.framework; sourceTree = "<group>"; };
		AEA77795195F954400EF19E9 /* filterFunnel@2x.png */ = {isa = PBXFileReference; lastKnownFileType = image.png; name = "filterFunnel@2x.png"; path = "Assets/filterFunnel@2x.png"; sourceTree = "<group>"; };
		AEA77796195F954400EF19E9 /* hamburgerMenu@2x.png */ = {isa = PBXFileReference; lastKnownFileType = image.png; name = "hamburgerMenu@2x.png"; path = "Assets/hamburgerMenu@2x.png"; sourceTree = "<group>"; };
		AEA77797195F954400EF19E9 /* refreshLoop@2x.png */ = {isa = PBXFileReference; lastKnownFileType = image.png; name = "refreshLoop@2x.png"; path = "Assets/refreshLoop@2x.png"; sourceTree = "<group>"; };
		AEA77798195F954400EF19E9 /* userLocation@2x.png */ = {isa = PBXFileReference; lastKnownFileType = image.png; name = "userLocation@2x.png"; path = "Assets/userLocation@2x.png"; sourceTree = "<group>"; };
		C90E810A18B94468004BF989 /* GamePlan.app */ = {isa = PBXFileReference; explicitFileType = wrapper.application; includeInIndex = 0; path = GamePlan.app; sourceTree = BUILT_PRODUCTS_DIR; };
		C90E810D18B94468004BF989 /* Foundation.framework */ = {isa = PBXFileReference; lastKnownFileType = wrapper.framework; name = Foundation.framework; path = System/Library/Frameworks/Foundation.framework; sourceTree = SDKROOT; };
		C90E810F18B94468004BF989 /* CoreGraphics.framework */ = {isa = PBXFileReference; lastKnownFileType = wrapper.framework; name = CoreGraphics.framework; path = System/Library/Frameworks/CoreGraphics.framework; sourceTree = SDKROOT; };
		C90E811118B94468004BF989 /* UIKit.framework */ = {isa = PBXFileReference; lastKnownFileType = wrapper.framework; name = UIKit.framework; path = System/Library/Frameworks/UIKit.framework; sourceTree = SDKROOT; };
		C90E811518B94468004BF989 /* GamePlan-Info.plist */ = {isa = PBXFileReference; lastKnownFileType = text.plist.xml; path = "GamePlan-Info.plist"; sourceTree = "<group>"; };
		C90E811718B94468004BF989 /* en */ = {isa = PBXFileReference; lastKnownFileType = text.plist.strings; name = en; path = en.lproj/InfoPlist.strings; sourceTree = "<group>"; };
		C90E811918B94468004BF989 /* main.m */ = {isa = PBXFileReference; lastKnownFileType = sourcecode.c.objc; path = main.m; sourceTree = "<group>"; };
		C90E811B18B94468004BF989 /* GamePlan-Prefix.pch */ = {isa = PBXFileReference; lastKnownFileType = sourcecode.c.h; path = "GamePlan-Prefix.pch"; sourceTree = "<group>"; };
		C90E812018B94468004BF989 /* Base */ = {isa = PBXFileReference; lastKnownFileType = file.storyboard; name = Base; path = Base.lproj/Main.storyboard; sourceTree = "<group>"; };
		C90E812518B94468004BF989 /* Images.xcassets */ = {isa = PBXFileReference; lastKnownFileType = folder.assetcatalog; path = Images.xcassets; sourceTree = "<group>"; };
		C90E812B18B94468004BF989 /* GamePlanTests.xctest */ = {isa = PBXFileReference; explicitFileType = wrapper.cfbundle; includeInIndex = 0; path = GamePlanTests.xctest; sourceTree = BUILT_PRODUCTS_DIR; };
		C90E812C18B94468004BF989 /* XCTest.framework */ = {isa = PBXFileReference; lastKnownFileType = wrapper.framework; name = XCTest.framework; path = Library/Frameworks/XCTest.framework; sourceTree = DEVELOPER_DIR; };
		C90E813418B94468004BF989 /* GamePlanTests-Info.plist */ = {isa = PBXFileReference; lastKnownFileType = text.plist.xml; path = "GamePlanTests-Info.plist"; sourceTree = "<group>"; };
		C90E813618B94468004BF989 /* en */ = {isa = PBXFileReference; lastKnownFileType = text.plist.strings; name = en; path = en.lproj/InfoPlist.strings; sourceTree = "<group>"; };
		C90E813818B94468004BF989 /* GamePlanTests.m */ = {isa = PBXFileReference; lastKnownFileType = sourcecode.c.objc; path = GamePlanTests.m; sourceTree = "<group>"; };
		C90E814218B944D4004BF989 /* GPFacebookLoginViewController.h */ = {isa = PBXFileReference; fileEncoding = 4; lastKnownFileType = sourcecode.c.h; path = GPFacebookLoginViewController.h; sourceTree = "<group>"; };
		C90E814318B944D4004BF989 /* GPFacebookLoginViewController.m */ = {isa = PBXFileReference; fileEncoding = 4; lastKnownFileType = sourcecode.c.objc; path = GPFacebookLoginViewController.m; sourceTree = "<group>"; };
		C90E814418B944D4004BF989 /* GPMapViewController.h */ = {isa = PBXFileReference; fileEncoding = 4; lastKnownFileType = sourcecode.c.h; path = GPMapViewController.h; sourceTree = "<group>"; };
		C90E814518B944D4004BF989 /* GPMapViewController.m */ = {isa = PBXFileReference; fileEncoding = 4; lastKnownFileType = sourcecode.c.objc; path = GPMapViewController.m; sourceTree = "<group>"; };
		C90E815018B944E2004BF989 /* FB_Button_Down.png */ = {isa = PBXFileReference; lastKnownFileType = image.png; path = FB_Button_Down.png; sourceTree = "<group>"; };
		C90E815118B944E2004BF989 /* FB_Button_Down@2x.png */ = {isa = PBXFileReference; lastKnownFileType = image.png; path = "FB_Button_Down@2x.png"; sourceTree = "<group>"; };
		C90E815218B944E2004BF989 /* FB_Button_Up.png */ = {isa = PBXFileReference; lastKnownFileType = image.png; path = FB_Button_Up.png; sourceTree = "<group>"; };
		C90E815318B944E2004BF989 /* FB_Button_Up@2x.png */ = {isa = PBXFileReference; lastKnownFileType = image.png; path = "FB_Button_Up@2x.png"; sourceTree = "<group>"; };
		C90E816B18B94503004BF989 /* GPAppDelegate.h */ = {isa = PBXFileReference; fileEncoding = 4; lastKnownFileType = sourcecode.c.h; path = GPAppDelegate.h; sourceTree = "<group>"; };
		C90E816C18B94503004BF989 /* GPAppDelegate.m */ = {isa = PBXFileReference; fileEncoding = 4; lastKnownFileType = sourcecode.c.objc; path = GPAppDelegate.m; sourceTree = "<group>"; };
		C90E816E18B94579004BF989 /* MapKit.framework */ = {isa = PBXFileReference; lastKnownFileType = wrapper.framework; name = MapKit.framework; path = System/Library/Frameworks/MapKit.framework; sourceTree = SDKROOT; };
		C90E817218B9564B004BF989 /* AudioToolbox.framework */ = {isa = PBXFileReference; lastKnownFileType = wrapper.framework; name = AudioToolbox.framework; path = System/Library/Frameworks/AudioToolbox.framework; sourceTree = SDKROOT; };
		C90E817418B9565E004BF989 /* CFNetwork.framework */ = {isa = PBXFileReference; lastKnownFileType = wrapper.framework; name = CFNetwork.framework; path = System/Library/Frameworks/CFNetwork.framework; sourceTree = SDKROOT; };
		C90E817618B95674004BF989 /* CoreLocation.framework */ = {isa = PBXFileReference; lastKnownFileType = wrapper.framework; name = CoreLocation.framework; path = System/Library/Frameworks/CoreLocation.framework; sourceTree = SDKROOT; };
		C90E817818B9569C004BF989 /* libz.dylib */ = {isa = PBXFileReference; lastKnownFileType = "compiled.mach-o.dylib"; name = libz.dylib; path = usr/lib/libz.dylib; sourceTree = SDKROOT; };
		C90E817A18B956A9004BF989 /* MobileCoreServices.framework */ = {isa = PBXFileReference; lastKnownFileType = wrapper.framework; name = MobileCoreServices.framework; path = System/Library/Frameworks/MobileCoreServices.framework; sourceTree = SDKROOT; };
		C90E817C18B956BA004BF989 /* Security.framework */ = {isa = PBXFileReference; lastKnownFileType = wrapper.framework; name = Security.framework; path = System/Library/Frameworks/Security.framework; sourceTree = SDKROOT; };
		C90E817E18B956C4004BF989 /* StoreKit.framework */ = {isa = PBXFileReference; lastKnownFileType = wrapper.framework; name = StoreKit.framework; path = System/Library/Frameworks/StoreKit.framework; sourceTree = SDKROOT; };
		C90E818018B956D1004BF989 /* SystemConfiguration.framework */ = {isa = PBXFileReference; lastKnownFileType = wrapper.framework; name = SystemConfiguration.framework; path = System/Library/Frameworks/SystemConfiguration.framework; sourceTree = SDKROOT; };
		C920A13D1985E95C009EDF82 /* EditEventVC.h */ = {isa = PBXFileReference; fileEncoding = 4; lastKnownFileType = sourcecode.c.h; path = EditEventVC.h; sourceTree = "<group>"; };
		C920A13E1985E95C009EDF82 /* EditEventVC.m */ = {isa = PBXFileReference; fileEncoding = 4; lastKnownFileType = sourcecode.c.objc; path = EditEventVC.m; sourceTree = "<group>"; };
		C920A13F1985E95C009EDF82 /* EditEventVC.xib */ = {isa = PBXFileReference; fileEncoding = 4; lastKnownFileType = file.xib; path = EditEventVC.xib; sourceTree = "<group>"; };
		C962E402194FFC06005A4895 /* Event.h */ = {isa = PBXFileReference; fileEncoding = 4; lastKnownFileType = sourcecode.c.h; path = Event.h; sourceTree = "<group>"; };
		C962E403194FFC06005A4895 /* Event.m */ = {isa = PBXFileReference; fileEncoding = 4; lastKnownFileType = sourcecode.c.objc; path = Event.m; sourceTree = "<group>"; };
		C962E405194FFD28005A4895 /* Tailgate.h */ = {isa = PBXFileReference; fileEncoding = 4; lastKnownFileType = sourcecode.c.h; path = Tailgate.h; sourceTree = "<group>"; };
		C962E406194FFD28005A4895 /* Tailgate.m */ = {isa = PBXFileReference; fileEncoding = 4; lastKnownFileType = sourcecode.c.objc; path = Tailgate.m; sourceTree = "<group>"; };
		C962E408194FFE65005A4895 /* WatchParty.h */ = {isa = PBXFileReference; fileEncoding = 4; lastKnownFileType = sourcecode.c.h; path = WatchParty.h; sourceTree = "<group>"; };
		C962E409194FFE65005A4895 /* WatchParty.m */ = {isa = PBXFileReference; fileEncoding = 4; lastKnownFileType = sourcecode.c.objc; path = WatchParty.m; sourceTree = "<group>"; };
		C962E40B194FFE7B005A4895 /* AfterParty.h */ = {isa = PBXFileReference; fileEncoding = 4; lastKnownFileType = sourcecode.c.h; path = AfterParty.h; sourceTree = "<group>"; };
		C962E40C194FFE7B005A4895 /* AfterParty.m */ = {isa = PBXFileReference; fileEncoding = 4; lastKnownFileType = sourcecode.c.objc; path = AfterParty.m; sourceTree = "<group>"; };
		C9C6DF67195A692F00EF3E9C /* Restaurant.h */ = {isa = PBXFileReference; fileEncoding = 4; lastKnownFileType = sourcecode.c.h; path = Restaurant.h; sourceTree = "<group>"; };
		C9C6DF68195A692F00EF3E9C /* Restaurant.m */ = {isa = PBXFileReference; fileEncoding = 4; lastKnownFileType = sourcecode.c.objc; path = Restaurant.m; sourceTree = "<group>"; };
/* End PBXFileReference section */

/* Begin PBXFrameworksBuildPhase section */
		C90E810718B94468004BF989 /* Frameworks */ = {
			isa = PBXFrameworksBuildPhase;
			buildActionMask = 2147483647;
			files = (
				C90E818118B956D2004BF989 /* SystemConfiguration.framework in Frameworks */,
				C90E817F18B956C4004BF989 /* StoreKit.framework in Frameworks */,
				C90E817D18B956BA004BF989 /* Security.framework in Frameworks */,
				C90E817B18B956A9004BF989 /* MobileCoreServices.framework in Frameworks */,
				C90E817918B9569C004BF989 /* libz.dylib in Frameworks */,
				C90E817718B95674004BF989 /* CoreLocation.framework in Frameworks */,
				C90E811018B94468004BF989 /* CoreGraphics.framework in Frameworks */,
				C90E817518B9565E004BF989 /* CFNetwork.framework in Frameworks */,
				C90E817318B9564B004BF989 /* AudioToolbox.framework in Frameworks */,
				C90E816F18B94579004BF989 /* MapKit.framework in Frameworks */,
				3FF48341194D7CAC00C05DF5 /* Parse.framework in Frameworks */,
				C90E811218B94468004BF989 /* UIKit.framework in Frameworks */,
				C90E810E18B94468004BF989 /* Foundation.framework in Frameworks */,
				3FF48343194D7CE200C05DF5 /* FacebookSDK.framework in Frameworks */,
			);
			runOnlyForDeploymentPostprocessing = 0;
		};
		C90E812818B94468004BF989 /* Frameworks */ = {
			isa = PBXFrameworksBuildPhase;
			buildActionMask = 2147483647;
			files = (
				C90E812D18B94468004BF989 /* XCTest.framework in Frameworks */,
				C90E812F18B94468004BF989 /* UIKit.framework in Frameworks */,
				C90E812E18B94468004BF989 /* Foundation.framework in Frameworks */,
			);
			runOnlyForDeploymentPostprocessing = 0;
		};
/* End PBXFrameworksBuildPhase section */

/* Begin PBXGroup section */
		3F62518E1951464B00D24EE8 /* MapViewController */ = {
			isa = PBXGroup;
			children = (
				AEA77795195F954400EF19E9 /* filterFunnel@2x.png */,
				AEA77796195F954400EF19E9 /* hamburgerMenu@2x.png */,
				AEA77797195F954400EF19E9 /* refreshLoop@2x.png */,
				AEA77798195F954400EF19E9 /* userLocation@2x.png */,
				3FE178E819529BEF007AE6F6 /* gear@2x.png */,
				3FE178E919529BEF007AE6F6 /* plus@2x.png */,
				3FE178EA19529BEF007AE6F6 /* question-mark@2x.png */,
				3F62518A1951463C00D24EE8 /* default_profile.jpg */,
				3F62518B1951463C00D24EE8 /* default_profile@2x.jpg */,
			);
			name = MapViewController;
			sourceTree = "<group>";
		};
		3F9B6DC8194E39DC00B2C3E0 /* Transition Delegate */ = {
			isa = PBXGroup;
			children = (
				3F9B6DC9194E39DC00B2C3E0 /* AnimatedTransitioning.h */,
				3F9B6DCA194E39DC00B2C3E0 /* AnimatedTransitioning.m */,
				3F9B6DCB194E39DC00B2C3E0 /* TransitionDelegate.h */,
				3F9B6DCC194E39DC00B2C3E0 /* TransitionDelegate.m */,
			);
			path = "Transition Delegate";
			sourceTree = "<group>";
		};
		3F9B6DE3194E4B9000B2C3E0 /* FBLoginViewController */ = {
			isa = PBXGroup;
			children = (
				3F9B6DDB194E415600B2C3E0 /* GPLettering.png */,
				3F9B6DDC194E415600B2C3E0 /* GPLettering@2x.png */,
				3F9B6DD7194E413B00B2C3E0 /* logo.png */,
				3F9B6DD8194E413B00B2C3E0 /* logo@2x.png */,
				3F9B6DD1194E3D4500B2C3E0 /* burnt_orange.jpeg */,
				C90E815018B944E2004BF989 /* FB_Button_Down.png */,
				C90E815118B944E2004BF989 /* FB_Button_Down@2x.png */,
				C90E815218B944E2004BF989 /* FB_Button_Up.png */,
				C90E815318B944E2004BF989 /* FB_Button_Up@2x.png */,
			);
			name = FBLoginViewController;
			sourceTree = "<group>";
		};
		3F9B6DE4194E4BBE00B2C3E0 /* Model */ = {
			isa = PBXGroup;
			children = (
				3FE178CD19527F24007AE6F6 /* Ouside Libraries */,
				C962E40E194FFF2A005A4895 /* Events */,
				C90E816B18B94503004BF989 /* GPAppDelegate.h */,
				C90E816C18B94503004BF989 /* GPAppDelegate.m */,
				3FE179051952A380007AE6F6 /* GPNavigationController.h */,
				3FE179061952A380007AE6F6 /* GPNavigationController.m */,
				3FE179081952AB5E007AE6F6 /* GPRootViewController.h */,
				3FE179091952AB5E007AE6F6 /* GPRootViewController.m */,
				C9C6DF67195A692F00EF3E9C /* Restaurant.h */,
				C9C6DF68195A692F00EF3E9C /* Restaurant.m */,
			);
			name = Model;
			sourceTree = "<group>";
		};
		3F9B6DE5194E4BD200B2C3E0 /* View Controllers */ = {
			isa = PBXGroup;
			children = (
				3FE1790119529FDE007AE6F6 /* UserMenuViewController */,
				C962E3FE194FF2EA005A4895 /* AddEventViewController */,
				3F9B6DE7194E4BF100B2C3E0 /* FBLoginViewController */,
				3F9B6DE6194E4BE400B2C3E0 /* MapViewController */,
			);
			name = "View Controllers";
			sourceTree = "<group>";
		};
		3F9B6DE6194E4BE400B2C3E0 /* MapViewController */ = {
			isa = PBXGroup;
			children = (
				C90E814418B944D4004BF989 /* GPMapViewController.h */,
				C90E814518B944D4004BF989 /* GPMapViewController.m */,
			);
			name = MapViewController;
			sourceTree = "<group>";
		};
		3F9B6DE7194E4BF100B2C3E0 /* FBLoginViewController */ = {
			isa = PBXGroup;
			children = (
				C90E814218B944D4004BF989 /* GPFacebookLoginViewController.h */,
				C90E814318B944D4004BF989 /* GPFacebookLoginViewController.m */,
			);
			name = FBLoginViewController;
			sourceTree = "<group>";
		};
		3FE178CD19527F24007AE6F6 /* Ouside Libraries */ = {
			isa = PBXGroup;
			children = (
				3FE178EE19529FCA007AE6F6 /* REFrostedViewController */,
				3FE178CE19527F3A007AE6F6 /* UzysSlideMenu */,
			);
			name = "Ouside Libraries";
			sourceTree = "<group>";
		};
		3FE178CE19527F3A007AE6F6 /* UzysSlideMenu */ = {
			isa = PBXGroup;
			children = (
				3FE178CF19527F3A007AE6F6 /* ARCHelper.h */,
				3FE178D019527F3A007AE6F6 /* UzysSlideMenu.h */,
				3FE178D119527F3A007AE6F6 /* UzysSlideMenu.m */,
				3FE178D219527F3A007AE6F6 /* UzysSMMenuItem.h */,
				3FE178D319527F3A007AE6F6 /* UzysSMMenuItem.m */,
				3FE178D419527F3A007AE6F6 /* UzysSMMenuItemView.h */,
				3FE178D519527F3A007AE6F6 /* UzysSMMenuItemView.m */,
				3FE178D619527F3A007AE6F6 /* UzysSMMenuItemView.xib */,
			);
			name = UzysSlideMenu;
			path = OutsideLibraries/UzysSlideMenu;
			sourceTree = "<group>";
		};
		3FE178EE19529FCA007AE6F6 /* REFrostedViewController */ = {
			isa = PBXGroup;
			children = (
				3FE178EF19529FCA007AE6F6 /* RECommonFunctions.h */,
				3FE178F019529FCA007AE6F6 /* RECommonFunctions.m */,
				3FE178F119529FCA007AE6F6 /* REFrostedContainerViewController.h */,
				3FE178F219529FCA007AE6F6 /* REFrostedContainerViewController.m */,
				3FE178F319529FCA007AE6F6 /* REFrostedViewController.h */,
				3FE178F419529FCA007AE6F6 /* REFrostedViewController.m */,
				3FE178F519529FCA007AE6F6 /* UIImage+REFrostedViewController.h */,
				3FE178F619529FCA007AE6F6 /* UIImage+REFrostedViewController.m */,
				3FE178F719529FCA007AE6F6 /* UIView+REFrostedViewController.h */,
				3FE178F819529FCA007AE6F6 /* UIView+REFrostedViewController.m */,
				3FE178F919529FCA007AE6F6 /* UIViewController+REFrostedViewController.h */,
				3FE178FA19529FCA007AE6F6 /* UIViewController+REFrostedViewController.m */,
			);
			name = REFrostedViewController;
			path = OutsideLibraries/REFrostedViewController;
			sourceTree = "<group>";
		};
		3FE1790119529FDE007AE6F6 /* UserMenuViewController */ = {
			isa = PBXGroup;
			children = (
				3FE179021952A0F0007AE6F6 /* GPUserMenuViewController.h */,
				3FE179031952A0F0007AE6F6 /* GPUserMenuViewController.m */,
			);
			name = UserMenuViewController;
			sourceTree = "<group>";
		};
		C90E810118B94468004BF989 = {
			isa = PBXGroup;
			children = (
				3F62518F1951546B00D24EE8 /* jeremyDorm.gpx */,
				C90E811318B94468004BF989 /* GamePlan */,
				C90E813218B94468004BF989 /* GamePlanTests */,
				C90E810C18B94468004BF989 /* Frameworks */,
				C90E810B18B94468004BF989 /* Products */,
			);
			sourceTree = "<group>";
		};
		C90E810B18B94468004BF989 /* Products */ = {
			isa = PBXGroup;
			children = (
				C90E810A18B94468004BF989 /* GamePlan.app */,
				C90E812B18B94468004BF989 /* GamePlanTests.xctest */,
			);
			name = Products;
			sourceTree = "<group>";
		};
		C90E810C18B94468004BF989 /* Frameworks */ = {
			isa = PBXGroup;
			children = (
				3FF48342194D7CE200C05DF5 /* FacebookSDK.framework */,
				3FF48340194D7CAC00C05DF5 /* Parse.framework */,
				C90E818018B956D1004BF989 /* SystemConfiguration.framework */,
				C90E817E18B956C4004BF989 /* StoreKit.framework */,
				C90E817C18B956BA004BF989 /* Security.framework */,
				C90E817A18B956A9004BF989 /* MobileCoreServices.framework */,
				C90E817818B9569C004BF989 /* libz.dylib */,
				C90E817618B95674004BF989 /* CoreLocation.framework */,
				C90E817418B9565E004BF989 /* CFNetwork.framework */,
				C90E817218B9564B004BF989 /* AudioToolbox.framework */,
				C90E816E18B94579004BF989 /* MapKit.framework */,
				C90E810D18B94468004BF989 /* Foundation.framework */,
				C90E810F18B94468004BF989 /* CoreGraphics.framework */,
				C90E811118B94468004BF989 /* UIKit.framework */,
				C90E812C18B94468004BF989 /* XCTest.framework */,
			);
			name = Frameworks;
			sourceTree = "<group>";
		};
		C90E811318B94468004BF989 /* GamePlan */ = {
			isa = PBXGroup;
			children = (
				C90E811F18B94468004BF989 /* Main.storyboard */,
				3F9B6DE4194E4BBE00B2C3E0 /* Model */,
				3F9B6DE5194E4BD200B2C3E0 /* View Controllers */,
				C90E814E18B944E2004BF989 /* Images */,
				C90E812518B94468004BF989 /* Images.xcassets */,
				C90E811418B94468004BF989 /* Supporting Files */,
			);
			path = GamePlan;
			sourceTree = "<group>";
		};
		C90E811418B94468004BF989 /* Supporting Files */ = {
			isa = PBXGroup;
			children = (
				3F9B6DC8194E39DC00B2C3E0 /* Transition Delegate */,
				C90E811518B94468004BF989 /* GamePlan-Info.plist */,
				C90E811618B94468004BF989 /* InfoPlist.strings */,
				C90E811918B94468004BF989 /* main.m */,
				C90E811B18B94468004BF989 /* GamePlan-Prefix.pch */,
			);
			name = "Supporting Files";
			sourceTree = "<group>";
		};
		C90E813218B94468004BF989 /* GamePlanTests */ = {
			isa = PBXGroup;
			children = (
				C90E813818B94468004BF989 /* GamePlanTests.m */,
				C90E813318B94468004BF989 /* Supporting Files */,
			);
			path = GamePlanTests;
			sourceTree = "<group>";
		};
		C90E813318B94468004BF989 /* Supporting Files */ = {
			isa = PBXGroup;
			children = (
				C90E813418B94468004BF989 /* GamePlanTests-Info.plist */,
				C90E813518B94468004BF989 /* InfoPlist.strings */,
			);
			name = "Supporting Files";
			sourceTree = "<group>";
		};
		C90E814E18B944E2004BF989 /* Images */ = {
			isa = PBXGroup;
			children = (
				3F62518E1951464B00D24EE8 /* MapViewController */,
				3F9B6DDF194E42DE00B2C3E0 /* app_icon.png */,
				3F9B6DE0194E42DE00B2C3E0 /* app_icon@2x.png */,
				3F9B6DE3194E4B9000B2C3E0 /* FBLoginViewController */,
			);
			path = Images;
			sourceTree = "<group>";
		};
		C962E3FE194FF2EA005A4895 /* AddEventViewController */ = {
			isa = PBXGroup;
			children = (
				C920A13D1985E95C009EDF82 /* EditEventVC.h */,
				C920A13E1985E95C009EDF82 /* EditEventVC.m */,
				C920A13F1985E95C009EDF82 /* EditEventVC.xib */,
			);
			name = AddEventViewController;
			sourceTree = "<group>";
		};
		C962E40E194FFF2A005A4895 /* Events */ = {
			isa = PBXGroup;
			children = (
				C962E402194FFC06005A4895 /* Event.h */,
				C962E403194FFC06005A4895 /* Event.m */,
				C962E405194FFD28005A4895 /* Tailgate.h */,
				C962E406194FFD28005A4895 /* Tailgate.m */,
				C962E408194FFE65005A4895 /* WatchParty.h */,
				C962E409194FFE65005A4895 /* WatchParty.m */,
				C962E40B194FFE7B005A4895 /* AfterParty.h */,
				C962E40C194FFE7B005A4895 /* AfterParty.m */,
			);
			name = Events;
			sourceTree = "<group>";
		};
/* End PBXGroup section */

/* Begin PBXNativeTarget section */
		C90E810918B94468004BF989 /* GamePlan */ = {
			isa = PBXNativeTarget;
			buildConfigurationList = C90E813C18B94468004BF989 /* Build configuration list for PBXNativeTarget "GamePlan" */;
			buildPhases = (
				C90E810618B94468004BF989 /* Sources */,
				C90E810718B94468004BF989 /* Frameworks */,
				C90E810818B94468004BF989 /* Resources */,
			);
			buildRules = (
			);
			dependencies = (
			);
			name = GamePlan;
			productName = GamePlan;
			productReference = C90E810A18B94468004BF989 /* GamePlan.app */;
			productType = "com.apple.product-type.application";
		};
		C90E812A18B94468004BF989 /* GamePlanTests */ = {
			isa = PBXNativeTarget;
			buildConfigurationList = C90E813F18B94468004BF989 /* Build configuration list for PBXNativeTarget "GamePlanTests" */;
			buildPhases = (
				C90E812718B94468004BF989 /* Sources */,
				C90E812818B94468004BF989 /* Frameworks */,
				C90E812918B94468004BF989 /* Resources */,
			);
			buildRules = (
			);
			dependencies = (
				C90E813118B94468004BF989 /* PBXTargetDependency */,
			);
			name = GamePlanTests;
			productName = GamePlanTests;
			productReference = C90E812B18B94468004BF989 /* GamePlanTests.xctest */;
			productType = "com.apple.product-type.bundle.unit-test";
		};
/* End PBXNativeTarget section */

/* Begin PBXProject section */
		C90E810218B94468004BF989 /* Project object */ = {
			isa = PBXProject;
			attributes = {
				CLASSPREFIX = SimpleTable;
				LastUpgradeCheck = 0510;
				ORGANIZATIONNAME = "Courtney Bohrer";
				TargetAttributes = {
					C90E810918B94468004BF989 = {
						DevelopmentTeam = 3H4Y2DDWVE;
					};
					C90E812A18B94468004BF989 = {
						TestTargetID = C90E810918B94468004BF989;
					};
				};
			};
			buildConfigurationList = C90E810518B94468004BF989 /* Build configuration list for PBXProject "GamePlan" */;
			compatibilityVersion = "Xcode 3.2";
			developmentRegion = English;
			hasScannedForEncodings = 0;
			knownRegions = (
				en,
				Base,
				de,
			);
			mainGroup = C90E810118B94468004BF989;
			productRefGroup = C90E810B18B94468004BF989 /* Products */;
			projectDirPath = "";
			projectRoot = "";
			targets = (
				C90E810918B94468004BF989 /* GamePlan */,
				C90E812A18B94468004BF989 /* GamePlanTests */,
			);
		};
/* End PBXProject section */

/* Begin PBXResourcesBuildPhase section */
		C90E810818B94468004BF989 /* Resources */ = {
			isa = PBXResourcesBuildPhase;
			buildActionMask = 2147483647;
			files = (
				3F9B6DDE194E415600B2C3E0 /* GPLettering@2x.png in Resources */,
				C920A1411985E95C009EDF82 /* EditEventVC.xib in Resources */,
				3FE178EB19529BEF007AE6F6 /* gear@2x.png in Resources */,
				3F9B6DE2194E42DE00B2C3E0 /* app_icon@2x.png in Resources */,
				C90E815F18B944E2004BF989 /* FB_Button_Down@2x.png in Resources */,
				3F9B6DDA194E413B00B2C3E0 /* logo@2x.png in Resources */,
				C90E812618B94468004BF989 /* Images.xcassets in Resources */,
				3F9B6DE1194E42DE00B2C3E0 /* app_icon.png in Resources */,
				3FE178ED19529BEF007AE6F6 /* question-mark@2x.png in Resources */,
				AEA7779B195F954400EF19E9 /* refreshLoop@2x.png in Resources */,
				AEA7779C195F954400EF19E9 /* userLocation@2x.png in Resources */,
				3F62518C1951463C00D24EE8 /* default_profile.jpg in Resources */,
				3FE178DA19527F3A007AE6F6 /* UzysSMMenuItemView.xib in Resources */,
				C90E811818B94468004BF989 /* InfoPlist.strings in Resources */,
				C90E812118B94468004BF989 /* Main.storyboard in Resources */,
				3F6251901951546B00D24EE8 /* jeremyDorm.gpx in Resources */,
				C90E815E18B944E2004BF989 /* FB_Button_Down.png in Resources */,
				AEA77799195F954400EF19E9 /* filterFunnel@2x.png in Resources */,
				3F9B6DD9194E413B00B2C3E0 /* logo.png in Resources */,
				C90E816018B944E2004BF989 /* FB_Button_Up.png in Resources */,
				C90E816118B944E2004BF989 /* FB_Button_Up@2x.png in Resources */,
				3FE178EC19529BEF007AE6F6 /* plus@2x.png in Resources */,
				AEA7779A195F954400EF19E9 /* hamburgerMenu@2x.png in Resources */,
				3F62518D1951463C00D24EE8 /* default_profile@2x.jpg in Resources */,
				3F9B6DD2194E3D4500B2C3E0 /* burnt_orange.jpeg in Resources */,
				3F9B6DDD194E415600B2C3E0 /* GPLettering.png in Resources */,
			);
			runOnlyForDeploymentPostprocessing = 0;
		};
		C90E812918B94468004BF989 /* Resources */ = {
			isa = PBXResourcesBuildPhase;
			buildActionMask = 2147483647;
			files = (
				C90E813718B94468004BF989 /* InfoPlist.strings in Resources */,
			);
			runOnlyForDeploymentPostprocessing = 0;
		};
/* End PBXResourcesBuildPhase section */

/* Begin PBXSourcesBuildPhase section */
		C90E810618B94468004BF989 /* Sources */ = {
			isa = PBXSourcesBuildPhase;
			buildActionMask = 2147483647;
			files = (
				C962E40A194FFE65005A4895 /* WatchParty.m in Sources */,
				3FE178FC19529FCA007AE6F6 /* REFrostedContainerViewController.m in Sources */,
				3FE178FB19529FCA007AE6F6 /* RECommonFunctions.m in Sources */,
				C90E811A18B94468004BF989 /* main.m in Sources */,
				3FE178D819527F3A007AE6F6 /* UzysSMMenuItem.m in Sources */,
				3FE178FF19529FCA007AE6F6 /* UIView+REFrostedViewController.m in Sources */,
				C90E814B18B944D4004BF989 /* GPMapViewController.m in Sources */,
				3F9B6DCD194E39DC00B2C3E0 /* AnimatedTransitioning.m in Sources */,
				C962E404194FFC06005A4895 /* Event.m in Sources */,
				3FE179071952A380007AE6F6 /* GPNavigationController.m in Sources */,
				3FE1790019529FCA007AE6F6 /* UIViewController+REFrostedViewController.m in Sources */,
				C962E407194FFD28005A4895 /* Tailgate.m in Sources */,
				3FE178D719527F3A007AE6F6 /* UzysSlideMenu.m in Sources */,
				3FE1790A1952AB5E007AE6F6 /* GPRootViewController.m in Sources */,
				C90E814A18B944D4004BF989 /* GPFacebookLoginViewController.m in Sources */,
				C9C6DF69195A692F00EF3E9C /* Restaurant.m in Sources */,
				C920A1401985E95C009EDF82 /* EditEventVC.m in Sources */,
				C962E40D194FFE7B005A4895 /* AfterParty.m in Sources */,
				3FE178FE19529FCA007AE6F6 /* UIImage+REFrostedViewController.m in Sources */,
				3FE178D919527F3A007AE6F6 /* UzysSMMenuItemView.m in Sources */,
				3FE178FD19529FCA007AE6F6 /* REFrostedViewController.m in Sources */,
				C90E816D18B94503004BF989 /* GPAppDelegate.m in Sources */,
				3F9B6DCE194E39DC00B2C3E0 /* TransitionDelegate.m in Sources */,
				3FE179041952A0F0007AE6F6 /* GPUserMenuViewController.m in Sources */,
			);
			runOnlyForDeploymentPostprocessing = 0;
		};
		C90E812718B94468004BF989 /* Sources */ = {
			isa = PBXSourcesBuildPhase;
			buildActionMask = 2147483647;
			files = (
				C90E813918B94468004BF989 /* GamePlanTests.m in Sources */,
			);
			runOnlyForDeploymentPostprocessing = 0;
		};
/* End PBXSourcesBuildPhase section */

/* Begin PBXTargetDependency section */
		C90E813118B94468004BF989 /* PBXTargetDependency */ = {
			isa = PBXTargetDependency;
			target = C90E810918B94468004BF989 /* GamePlan */;
			targetProxy = C90E813018B94468004BF989 /* PBXContainerItemProxy */;
		};
/* End PBXTargetDependency section */

/* Begin PBXVariantGroup section */
		C90E811618B94468004BF989 /* InfoPlist.strings */ = {
			isa = PBXVariantGroup;
			children = (
				C90E811718B94468004BF989 /* en */,
			);
			name = InfoPlist.strings;
			sourceTree = "<group>";
		};
		C90E811F18B94468004BF989 /* Main.storyboard */ = {
			isa = PBXVariantGroup;
			children = (
				C90E812018B94468004BF989 /* Base */,
			);
			name = Main.storyboard;
			sourceTree = "<group>";
		};
		C90E813518B94468004BF989 /* InfoPlist.strings */ = {
			isa = PBXVariantGroup;
			children = (
				C90E813618B94468004BF989 /* en */,
			);
			name = InfoPlist.strings;
			sourceTree = "<group>";
		};
/* End PBXVariantGroup section */

/* Begin XCBuildConfiguration section */
		C90E813A18B94468004BF989 /* Debug */ = {
			isa = XCBuildConfiguration;
			buildSettings = {
				ALWAYS_SEARCH_USER_PATHS = NO;
				CLANG_CXX_LANGUAGE_STANDARD = "gnu++0x";
				CLANG_CXX_LIBRARY = "libc++";
				CLANG_ENABLE_MODULES = YES;
				CLANG_ENABLE_OBJC_ARC = YES;
				CLANG_WARN_BOOL_CONVERSION = YES;
				CLANG_WARN_CONSTANT_CONVERSION = YES;
				CLANG_WARN_DIRECT_OBJC_ISA_USAGE = YES_ERROR;
				CLANG_WARN_EMPTY_BODY = YES;
				CLANG_WARN_ENUM_CONVERSION = YES;
				CLANG_WARN_INT_CONVERSION = YES;
				CLANG_WARN_OBJC_ROOT_CLASS = YES_ERROR;
				CLANG_WARN__DUPLICATE_METHOD_MATCH = YES;
				CODE_SIGN_IDENTITY = "iPhone Developer: Jeremy Hintz (8VXGNHPWKS)";
				"CODE_SIGN_IDENTITY[sdk=iphoneos*]" = "iPhone Developer: Jeremy Hintz (8VXGNHPWKS)";
				COPY_PHASE_STRIP = NO;
				GCC_C_LANGUAGE_STANDARD = gnu99;
				GCC_DYNAMIC_NO_PIC = NO;
				GCC_OPTIMIZATION_LEVEL = 0;
				GCC_PREPROCESSOR_DEFINITIONS = (
					"DEBUG=1",
					"$(inherited)",
				);
				GCC_SYMBOLS_PRIVATE_EXTERN = NO;
				GCC_WARN_64_TO_32_BIT_CONVERSION = YES;
				GCC_WARN_ABOUT_RETURN_TYPE = YES_ERROR;
				GCC_WARN_UNDECLARED_SELECTOR = YES;
				GCC_WARN_UNINITIALIZED_AUTOS = YES;
				GCC_WARN_UNUSED_FUNCTION = YES;
				GCC_WARN_UNUSED_VARIABLE = YES;
				INFOPLIST_FILE = "GamePlan-Info.plist";
				IPHONEOS_DEPLOYMENT_TARGET = 7.0;
				ONLY_ACTIVE_ARCH = YES;
				PRODUCT_NAME = "Game Plan";
				SDKROOT = iphoneos;
			};
			name = Debug;
		};
		C90E813B18B94468004BF989 /* Release */ = {
			isa = XCBuildConfiguration;
			buildSettings = {
				ALWAYS_SEARCH_USER_PATHS = NO;
				CLANG_CXX_LANGUAGE_STANDARD = "gnu++0x";
				CLANG_CXX_LIBRARY = "libc++";
				CLANG_ENABLE_MODULES = YES;
				CLANG_ENABLE_OBJC_ARC = YES;
				CLANG_WARN_BOOL_CONVERSION = YES;
				CLANG_WARN_CONSTANT_CONVERSION = YES;
				CLANG_WARN_DIRECT_OBJC_ISA_USAGE = YES_ERROR;
				CLANG_WARN_EMPTY_BODY = YES;
				CLANG_WARN_ENUM_CONVERSION = YES;
				CLANG_WARN_INT_CONVERSION = YES;
				CLANG_WARN_OBJC_ROOT_CLASS = YES_ERROR;
				CLANG_WARN__DUPLICATE_METHOD_MATCH = YES;
				CODE_SIGN_IDENTITY = "iPhone Developer: Jeremy Hintz (8VXGNHPWKS)";
				"CODE_SIGN_IDENTITY[sdk=iphoneos*]" = "iPhone Developer: Jeremy Hintz (8VXGNHPWKS)";
				COPY_PHASE_STRIP = YES;
				ENABLE_NS_ASSERTIONS = NO;
				GCC_C_LANGUAGE_STANDARD = gnu99;
				GCC_WARN_64_TO_32_BIT_CONVERSION = YES;
				GCC_WARN_ABOUT_RETURN_TYPE = YES_ERROR;
				GCC_WARN_UNDECLARED_SELECTOR = YES;
				GCC_WARN_UNINITIALIZED_AUTOS = YES;
				GCC_WARN_UNUSED_FUNCTION = YES;
				GCC_WARN_UNUSED_VARIABLE = YES;
				INFOPLIST_FILE = "GamePlan-Info.plist";
				IPHONEOS_DEPLOYMENT_TARGET = 7.0;
				PRODUCT_NAME = "Game Plan";
				SDKROOT = iphoneos;
				VALIDATE_PRODUCT = YES;
			};
			name = Release;
		};
		C90E813D18B94468004BF989 /* Debug */ = {
			isa = XCBuildConfiguration;
			buildSettings = {
				ASSETCATALOG_COMPILER_APPICON_NAME = AppIcon;
				ASSETCATALOG_COMPILER_LAUNCHIMAGE_NAME = LaunchImage;
				CODE_SIGN_IDENTITY = "iPhone Developer: Jeremy Hintz (8VXGNHPWKS)";
				"CODE_SIGN_IDENTITY[sdk=iphoneos*]" = "iPhone Developer: Jeremy Hintz (8VXGNHPWKS)";
				FRAMEWORK_SEARCH_PATHS = (
					"~/Documents/GamePlan",
					"$(PROJECT_DIR)/GamePlan",
				);
				GCC_PRECOMPILE_PREFIX_HEADER = YES;
				GCC_PREFIX_HEADER = "GamePlan/GamePlan-Prefix.pch";
				INFOPLIST_FILE = "GamePlan/GamePlan-Info.plist";
				PRODUCT_NAME = "$(TARGET_NAME)";
				PROVISIONING_PROFILE = "19BC3082-53B6-49A4-B91C-1272E507089A";
				WRAPPER_EXTENSION = app;
			};
			name = Debug;
		};
		C90E813E18B94468004BF989 /* Release */ = {
			isa = XCBuildConfiguration;
			buildSettings = {
				ASSETCATALOG_COMPILER_APPICON_NAME = AppIcon;
				ASSETCATALOG_COMPILER_LAUNCHIMAGE_NAME = LaunchImage;
				CODE_SIGN_IDENTITY = "iPhone Developer: Jeremy Hintz (8VXGNHPWKS)";
				"CODE_SIGN_IDENTITY[sdk=iphoneos*]" = "iPhone Developer: Jeremy Hintz (8VXGNHPWKS)";
				FRAMEWORK_SEARCH_PATHS = (
					"~/Documents/GamePlan",
					"$(PROJECT_DIR)/GamePlan",
				);
				GCC_PRECOMPILE_PREFIX_HEADER = YES;
				GCC_PREFIX_HEADER = "GamePlan/GamePlan-Prefix.pch";
				INFOPLIST_FILE = "GamePlan/GamePlan-Info.plist";
				PRODUCT_NAME = "$(TARGET_NAME)";
				PROVISIONING_PROFILE = "19BC3082-53B6-49A4-B91C-1272E507089A";
				WRAPPER_EXTENSION = app;
			};
			name = Release;
		};
		C90E814018B94468004BF989 /* Debug */ = {
			isa = XCBuildConfiguration;
			buildSettings = {
				BUNDLE_LOADER = "$(BUILT_PRODUCTS_DIR)/GamePlan.app/GamePlan";
				FRAMEWORK_SEARCH_PATHS = (
					"$(SDKROOT)/Developer/Library/Frameworks",
					"$(inherited)",
					"$(DEVELOPER_FRAMEWORKS_DIR)",
				);
				GCC_PRECOMPILE_PREFIX_HEADER = YES;
				GCC_PREFIX_HEADER = "GamePlan/GamePlan-Prefix.pch";
				GCC_PREPROCESSOR_DEFINITIONS = (
					"DEBUG=1",
					"$(inherited)",
				);
				INFOPLIST_FILE = "GamePlanTests/GamePlanTests-Info.plist";
				PRODUCT_NAME = "$(TARGET_NAME)";
				TEST_HOST = "$(BUNDLE_LOADER)";
				WRAPPER_EXTENSION = xctest;
			};
			name = Debug;
		};
		C90E814118B94468004BF989 /* Release */ = {
			isa = XCBuildConfiguration;
			buildSettings = {
				BUNDLE_LOADER = "$(BUILT_PRODUCTS_DIR)/GamePlan.app/GamePlan";
				FRAMEWORK_SEARCH_PATHS = (
					"$(SDKROOT)/Developer/Library/Frameworks",
					"$(inherited)",
					"$(DEVELOPER_FRAMEWORKS_DIR)",
				);
				GCC_PRECOMPILE_PREFIX_HEADER = YES;
				GCC_PREFIX_HEADER = "GamePlan/GamePlan-Prefix.pch";
				INFOPLIST_FILE = "GamePlanTests/GamePlanTests-Info.plist";
				PRODUCT_NAME = "$(TARGET_NAME)";
				TEST_HOST = "$(BUNDLE_LOADER)";
				WRAPPER_EXTENSION = xctest;
			};
			name = Release;
		};
/* End XCBuildConfiguration section */

/* Begin XCConfigurationList section */
		C90E810518B94468004BF989 /* Build configuration list for PBXProject "GamePlan" */ = {
			isa = XCConfigurationList;
			buildConfigurations = (
				C90E813A18B94468004BF989 /* Debug */,
				C90E813B18B94468004BF989 /* Release */,
			);
			defaultConfigurationIsVisible = 0;
			defaultConfigurationName = Release;
		};
		C90E813C18B94468004BF989 /* Build configuration list for PBXNativeTarget "GamePlan" */ = {
			isa = XCConfigurationList;
			buildConfigurations = (
				C90E813D18B94468004BF989 /* Debug */,
				C90E813E18B94468004BF989 /* Release */,
			);
			defaultConfigurationIsVisible = 0;
			defaultConfigurationName = Release;
		};
		C90E813F18B94468004BF989 /* Build configuration list for PBXNativeTarget "GamePlanTests" */ = {
			isa = XCConfigurationList;
			buildConfigurations = (
				C90E814018B94468004BF989 /* Debug */,
				C90E814118B94468004BF989 /* Release */,
			);
			defaultConfigurationIsVisible = 0;
			defaultConfigurationName = Release;
		};
/* End XCConfigurationList section */
	};
	rootObject = C90E810218B94468004BF989 /* Project object */;
}
